
Microsoft Visual Studio Solution File, Format Version 12.00
# Visual Studio 14
VisualStudioVersion = 14.0.23107.0
MinimumVisualStudioVersion = 10.0.40219.1
Project("{FAE04EC0-301F-11D3-BF4B-00C04F79EFBC}") = "PaddleBall", "PaddleBall\PaddleBall\PaddleBall.csproj", "{5E5DF8CB-0DC3-4F75-87E2-CAEA8E822FB3}"
EndProject
Project("{FAE04EC0-301F-11D3-BF4B-00C04F79EFBC}") = "PaddleBall.WinPhone", "PaddleBall\PaddleBall.WinPhone\PaddleBall.WinPhone.csproj", "{B0C8F518-3BEC-46FE-862B-A90D0646151F}"
EndProject
Project("{FAE04EC0-301F-11D3-BF4B-00C04F79EFBC}") = "PaddleBall.Droid", "PaddleBall\PaddleBall.Droid\PaddleBall.Droid.csproj", "{BDAAB1E7-3A62-47E5-A653-C521BEF0D989}"
EndProject
Project("{FAE04EC0-301F-11D3-BF4B-00C04F79EFBC}") = "PaddleBall.iOS", "PaddleBall\PaddleBall.iOS\PaddleBall.iOS.csproj", "{2A729650-EE4D-46F3-974C-12419BFE41DE}"
EndProject
Global
	GlobalSection(SolutionConfigurationPlatforms) = preSolution
		Ad-Hoc|Any CPU = Ad-Hoc|Any CPU
		Ad-Hoc|ARM = Ad-Hoc|ARM
		Ad-Hoc|iPhone = Ad-Hoc|iPhone
		Ad-Hoc|iPhoneSimulator = Ad-Hoc|iPhoneSimulator
		Ad-Hoc|x86 = Ad-Hoc|x86
		AppStore|Any CPU = AppStore|Any CPU
		AppStore|ARM = AppStore|ARM
		AppStore|iPhone = AppStore|iPhone
		AppStore|iPhoneSimulator = AppStore|iPhoneSimulator
		AppStore|x86 = AppStore|x86
		Debug|Any CPU = Debug|Any CPU
		Debug|ARM = Debug|ARM
		Debug|iPhone = Debug|iPhone
		Debug|iPhoneSimulator = Debug|iPhoneSimulator
		Debug|x86 = Debug|x86
		Release|Any CPU = Release|Any CPU
		Release|ARM = Release|ARM
		Release|iPhone = Release|iPhone
		Release|iPhoneSimulator = Release|iPhoneSimulator
		Release|x86 = Release|x86
	EndGlobalSection
	GlobalSection(ProjectConfigurationPlatforms) = postSolution
		{5E5DF8CB-0DC3-4F75-87E2-CAEA8E822FB3}.Ad-Hoc|Any CPU.ActiveCfg = Release|Any CPU
		{5E5DF8CB-0DC3-4F75-87E2-CAEA8E822FB3}.Ad-Hoc|Any CPU.Build.0 = Release|Any CPU
		{5E5DF8CB-0DC3-4F75-87E2-CAEA8E822FB3}.Ad-Hoc|ARM.ActiveCfg = Release|Any CPU
		{5E5DF8CB-0DC3-4F75-87E2-CAEA8E822FB3}.Ad-Hoc|ARM.Build.0 = Release|Any CPU
		{5E5DF8CB-0DC3-4F75-87E2-CAEA8E822FB3}.Ad-Hoc|iPhone.ActiveCfg = Release|Any CPU
		{5E5DF8CB-0DC3-4F75-87E2-CAEA8E822FB3}.Ad-Hoc|iPhone.Build.0 = Release|Any CPU
		{5E5DF8CB-0DC3-4F75-87E2-CAEA8E822FB3}.Ad-Hoc|iPhoneSimulator.ActiveCfg = Release|Any CPU
		{5E5DF8CB-0DC3-4F75-87E2-CAEA8E822FB3}.Ad-Hoc|iPhoneSimulator.Build.0 = Release|Any CPU
		{5E5DF8CB-0DC3-4F75-87E2-CAEA8E822FB3}.Ad-Hoc|x86.ActiveCfg = Release|Any CPU
		{5E5DF8CB-0DC3-4F75-87E2-CAEA8E822FB3}.Ad-Hoc|x86.Build.0 = Release|Any CPU
		{5E5DF8CB-0DC3-4F75-87E2-CAEA8E822FB3}.AppStore|Any CPU.ActiveCfg = Release|Any CPU
		{5E5DF8CB-0DC3-4F75-87E2-CAEA8E822FB3}.AppStore|Any CPU.Build.0 = Release|Any CPU
		{5E5DF8CB-0DC3-4F75-87E2-CAEA8E822FB3}.AppStore|ARM.ActiveCfg = Release|Any CPU
		{5E5DF8CB-0DC3-4F75-87E2-CAEA8E822FB3}.AppStore|ARM.Build.0 = Release|Any CPU
		{5E5DF8CB-0DC3-4F75-87E2-CAEA8E822FB3}.AppStore|iPhone.ActiveCfg = Release|Any CPU
		{5E5DF8CB-0DC3-4F75-87E2-CAEA8E822FB3}.AppStore|iPhone.Build.0 = Release|Any CPU
		{5E5DF8CB-0DC3-4F75-87E2-CAEA8E822FB3}.AppStore|iPhoneSimulator.ActiveCfg = Release|Any CPU
		{5E5DF8CB-0DC3-4F75-87E2-CAEA8E822FB3}.AppStore|iPhoneSimulator.Build.0 = Release|Any CPU
		{5E5DF8CB-0DC3-4F75-87E2-CAEA8E822FB3}.AppStore|x86.ActiveCfg = Release|Any CPU
		{5E5DF8CB-0DC3-4F75-87E2-CAEA8E822FB3}.AppStore|x86.Build.0 = Release|Any CPU
		{5E5DF8CB-0DC3-4F75-87E2-CAEA8E822FB3}.Debug|Any CPU.ActiveCfg = Debug|Any CPU
		{5E5DF8CB-0DC3-4F75-87E2-CAEA8E822FB3}.Debug|Any CPU.Build.0 = Debug|Any CPU
		{5E5DF8CB-0DC3-4F75-87E2-CAEA8E822FB3}.Debug|ARM.ActiveCfg = Debug|Any CPU
		{5E5DF8CB-0DC3-4F75-87E2-CAEA8E822FB3}.Debug|ARM.Build.0 = Debug|Any CPU
		{5E5DF8CB-0DC3-4F75-87E2-CAEA8E822FB3}.Debug|iPhone.ActiveCfg = Debug|Any CPU
		{5E5DF8CB-0DC3-4F75-87E2-CAEA8E822FB3}.Debug|iPhone.Build.0 = Debug|Any CPU
		{5E5DF8CB-0DC3-4F75-87E2-CAEA8E822FB3}.Debug|iPhoneSimulator.ActiveCfg = Debug|Any CPU
		{5E5DF8CB-0DC3-4F75-87E2-CAEA8E822FB3}.Debug|iPhoneSimulator.Build.0 = Debug|Any CPU
		{5E5DF8CB-0DC3-4F75-87E2-CAEA8E822FB3}.Debug|x86.ActiveCfg = Debug|Any CPU
		{5E5DF8CB-0DC3-4F75-87E2-CAEA8E822FB3}.Debug|x86.Build.0 = Debug|Any CPU
		{5E5DF8CB-0DC3-4F75-87E2-CAEA8E822FB3}.Release|Any CPU.ActiveCfg = Release|Any CPU
		{5E5DF8CB-0DC3-4F75-87E2-CAEA8E822FB3}.Release|Any CPU.Build.0 = Release|Any CPU
		{5E5DF8CB-0DC3-4F75-87E2-CAEA8E822FB3}.Release|ARM.ActiveCfg = Release|Any CPU
		{5E5DF8CB-0DC3-4F75-87E2-CAEA8E822FB3}.Release|ARM.Build.0 = Release|Any CPU
		{5E5DF8CB-0DC3-4F75-87E2-CAEA8E822FB3}.Release|iPhone.ActiveCfg = Release|Any CPU
		{5E5DF8CB-0DC3-4F75-87E2-CAEA8E822FB3}.Release|iPhone.Build.0 = Release|Any CPU
		{5E5DF8CB-0DC3-4F75-87E2-CAEA8E822FB3}.Release|iPhoneSimulator.ActiveCfg = Release|Any CPU
		{5E5DF8CB-0DC3-4F75-87E2-CAEA8E822FB3}.Release|iPhoneSimulator.Build.0 = Release|Any CPU
		{5E5DF8CB-0DC3-4F75-87E2-CAEA8E822FB3}.Release|x86.ActiveCfg = Release|Any CPU
		{5E5DF8CB-0DC3-4F75-87E2-CAEA8E822FB3}.Release|x86.Build.0 = Release|Any CPU
		{B0C8F518-3BEC-46FE-862B-A90D0646151F}.Ad-Hoc|Any CPU.ActiveCfg = Release|Any CPU
		{B0C8F518-3BEC-46FE-862B-A90D0646151F}.Ad-Hoc|Any CPU.Build.0 = Release|Any CPU
		{B0C8F518-3BEC-46FE-862B-A90D0646151F}.Ad-Hoc|Any CPU.Deploy.0 = Release|Any CPU
		{B0C8F518-3BEC-46FE-862B-A90D0646151F}.Ad-Hoc|ARM.ActiveCfg = Release|ARM
		{B0C8F518-3BEC-46FE-862B-A90D0646151F}.Ad-Hoc|ARM.Build.0 = Release|ARM
		{B0C8F518-3BEC-46FE-862B-A90D0646151F}.Ad-Hoc|ARM.Deploy.0 = Release|ARM
		{B0C8F518-3BEC-46FE-862B-A90D0646151F}.Ad-Hoc|iPhone.ActiveCfg = Release|Any CPU
		{B0C8F518-3BEC-46FE-862B-A90D0646151F}.Ad-Hoc|iPhone.Build.0 = Release|Any CPU
		{B0C8F518-3BEC-46FE-862B-A90D0646151F}.Ad-Hoc|iPhone.Deploy.0 = Release|Any CPU
		{B0C8F518-3BEC-46FE-862B-A90D0646151F}.Ad-Hoc|iPhoneSimulator.ActiveCfg = Release|Any CPU
		{B0C8F518-3BEC-46FE-862B-A90D0646151F}.Ad-Hoc|iPhoneSimulator.Build.0 = Release|Any CPU
		{B0C8F518-3BEC-46FE-862B-A90D0646151F}.Ad-Hoc|iPhoneSimulator.Deploy.0 = Release|Any CPU
		{B0C8F518-3BEC-46FE-862B-A90D0646151F}.Ad-Hoc|x86.ActiveCfg = Release|x86
		{B0C8F518-3BEC-46FE-862B-A90D0646151F}.Ad-Hoc|x86.Build.0 = Release|x86
		{B0C8F518-3BEC-46FE-862B-A90D0646151F}.Ad-Hoc|x86.Deploy.0 = Release|x86
		{B0C8F518-3BEC-46FE-862B-A90D0646151F}.AppStore|Any CPU.ActiveCfg = Release|Any CPU
		{B0C8F518-3BEC-46FE-862B-A90D0646151F}.AppStore|Any CPU.Build.0 = Release|Any CPU
		{B0C8F518-3BEC-46FE-862B-A90D0646151F}.AppStore|Any CPU.Deploy.0 = Release|Any CPU
		{B0C8F518-3BEC-46FE-862B-A90D0646151F}.AppStore|ARM.ActiveCfg = Release|ARM
		{B0C8F518-3BEC-46FE-862B-A90D0646151F}.AppStore|ARM.Build.0 = Release|ARM
		{B0C8F518-3BEC-46FE-862B-A90D0646151F}.AppStore|ARM.Deploy.0 = Release|ARM
		{B0C8F518-3BEC-46FE-862B-A90D0646151F}.AppStore|iPhone.ActiveCfg = Release|Any CPU
		{B0C8F518-3BEC-46FE-862B-A90D0646151F}.AppStore|iPhone.Build.0 = Release|Any CPU
		{B0C8F518-3BEC-46FE-862B-A90D0646151F}.AppStore|iPhone.Deploy.0 = Release|Any CPU
		{B0C8F518-3BEC-46FE-862B-A90D0646151F}.AppStore|iPhoneSimulator.ActiveCfg = Release|Any CPU
		{B0C8F518-3BEC-46FE-862B-A90D0646151F}.AppStore|iPhoneSimulator.Build.0 = Release|Any CPU
		{B0C8F518-3BEC-46FE-862B-A90D0646151F}.AppStore|iPhoneSimulator.Deploy.0 = Release|Any CPU
		{B0C8F518-3BEC-46FE-862B-A90D0646151F}.AppStore|x86.ActiveCfg = Release|x86
		{B0C8F518-3BEC-46FE-862B-A90D0646151F}.AppStore|x86.Build.0 = Release|x86
		{B0C8F518-3BEC-46FE-862B-A90D0646151F}.AppStore|x86.Deploy.0 = Release|x86
		{B0C8F518-3BEC-46FE-862B-A90D0646151F}.Debug|Any CPU.ActiveCfg = Debug|Any CPU
		{B0C8F518-3BEC-46FE-862B-A90D0646151F}.Debug|Any CPU.Build.0 = Debug|Any CPU
		{B0C8F518-3BEC-46FE-862B-A90D0646151F}.Debug|Any CPU.Deploy.0 = Debug|Any CPU
		{B0C8F518-3BEC-46FE-862B-A90D0646151F}.Debug|ARM.ActiveCfg = Debug|ARM
		{B0C8F518-3BEC-46FE-862B-A90D0646151F}.Debug|ARM.Build.0 = Debug|ARM
		{B0C8F518-3BEC-46FE-862B-A90D0646151F}.Debug|ARM.Deploy.0 = Debug|ARM
		{B0C8F518-3BEC-46FE-862B-A90D0646151F}.Debug|iPhone.ActiveCfg = Debug|Any CPU
		{B0C8F518-3BEC-46FE-862B-A90D0646151F}.Debug|iPhone.Build.0 = Debug|Any CPU
		{B0C8F518-3BEC-46FE-862B-A90D0646151F}.Debug|iPhone.Deploy.0 = Debug|Any CPU
		{B0C8F518-3BEC-46FE-862B-A90D0646151F}.Debug|iPhoneSimulator.ActiveCfg = Debug|Any CPU
		{B0C8F518-3BEC-46FE-862B-A90D0646151F}.Debug|iPhoneSimulator.Build.0 = Debug|Any CPU
		{B0C8F518-3BEC-46FE-862B-A90D0646151F}.Debug|iPhoneSimulator.Deploy.0 = Debug|Any CPU
		{B0C8F518-3BEC-46FE-862B-A90D0646151F}.Debug|x86.ActiveCfg = Debug|x86
		{B0C8F518-3BEC-46FE-862B-A90D0646151F}.Debug|x86.Build.0 = Debug|x86
		{B0C8F518-3BEC-46FE-862B-A90D0646151F}.Debug|x86.Deploy.0 = Debug|x86
		{B0C8F518-3BEC-46FE-862B-A90D0646151F}.Release|Any CPU.ActiveCfg = Release|Any CPU
		{B0C8F518-3BEC-46FE-862B-A90D0646151F}.Release|Any CPU.Build.0 = Release|Any CPU
		{B0C8F518-3BEC-46FE-862B-A90D0646151F}.Release|Any CPU.Deploy.0 = Release|Any CPU
		{B0C8F518-3BEC-46FE-862B-A90D0646151F}.Release|ARM.ActiveCfg = Release|ARM
		{B0C8F518-3BEC-46FE-862B-A90D0646151F}.Release|ARM.Build.0 = Release|ARM
		{B0C8F518-3BEC-46FE-862B-A90D0646151F}.Release|ARM.Deploy.0 = Release|ARM
		{B0C8F518-3BEC-46FE-862B-A90D0646151F}.Release|iPhone.ActiveCfg = Release|Any CPU
		{B0C8F518-3BEC-46FE-862B-A90D0646151F}.Release|iPhone.Build.0 = Release|Any CPU
		{B0C8F518-3BEC-46FE-862B-A90D0646151F}.Release|iPhone.Deploy.0 = Release|Any CPU
		{B0C8F518-3BEC-46FE-862B-A90D0646151F}.Release|iPhoneSimulator.ActiveCfg = Release|Any CPU
		{B0C8F518-3BEC-46FE-862B-A90D0646151F}.Release|iPhoneSimulator.Build.0 = Release|Any CPU
		{B0C8F518-3BEC-46FE-862B-A90D0646151F}.Release|iPhoneSimulator.Deploy.0 = Release|Any CPU
		{B0C8F518-3BEC-46FE-862B-A90D0646151F}.Release|x86.ActiveCfg = Release|x86
		{B0C8F518-3BEC-46FE-862B-A90D0646151F}.Release|x86.Build.0 = Release|x86
		{B0C8F518-3BEC-46FE-862B-A90D0646151F}.Release|x86.Deploy.0 = Release|x86
		{BDAAB1E7-3A62-47E5-A653-C521BEF0D989}.Ad-Hoc|Any CPU.ActiveCfg = Release|Any CPU
		{BDAAB1E7-3A62-47E5-A653-C521BEF0D989}.Ad-Hoc|Any CPU.Build.0 = Release|Any CPU
		{BDAAB1E7-3A62-47E5-A653-C521BEF0D989}.Ad-Hoc|Any CPU.Deploy.0 = Release|Any CPU
		{BDAAB1E7-3A62-47E5-A653-C521BEF0D989}.Ad-Hoc|ARM.ActiveCfg = Release|Any CPU
		{BDAAB1E7-3A62-47E5-A653-C521BEF0D989}.Ad-Hoc|ARM.Build.0 = Release|Any CPU
		{BDAAB1E7-3A62-47E5-A653-C521BEF0D989}.Ad-Hoc|ARM.Deploy.0 = Release|Any CPU
		{BDAAB1E7-3A62-47E5-A653-C521BEF0D989}.Ad-Hoc|iPhone.ActiveCfg = Release|Any CPU
		{BDAAB1E7-3A62-47E5-A653-C521BEF0D989}.Ad-Hoc|iPhone.Build.0 = Release|Any CPU
		{BDAAB1E7-3A62-47E5-A653-C521BEF0D989}.Ad-Hoc|iPhone.Deploy.0 = Release|Any CPU
		{BDAAB1E7-3A62-47E5-A653-C521BEF0D989}.Ad-Hoc|iPhoneSimulator.ActiveCfg = Release|Any CPU
		{BDAAB1E7-3A62-47E5-A653-C521BEF0D989}.Ad-Hoc|iPhoneSimulator.Build.0 = Release|Any CPU
		{BDAAB1E7-3A62-47E5-A653-C521BEF0D989}.Ad-Hoc|iPhoneSimulator.Deploy.0 = Release|Any CPU
		{BDAAB1E7-3A62-47E5-A653-C521BEF0D989}.Ad-Hoc|x86.ActiveCfg = Release|Any CPU
		{BDAAB1E7-3A62-47E5-A653-C521BEF0D989}.Ad-Hoc|x86.Build.0 = Release|Any CPU
		{BDAAB1E7-3A62-47E5-A653-C521BEF0D989}.Ad-Hoc|x86.Deploy.0 = Release|Any CPU
		{BDAAB1E7-3A62-47E5-A653-C521BEF0D989}.AppStore|Any CPU.ActiveCfg = Release|Any CPU
		{BDAAB1E7-3A62-47E5-A653-C521BEF0D989}.AppStore|Any CPU.Build.0 = Release|Any CPU
		{BDAAB1E7-3A62-47E5-A653-C521BEF0D989}.AppStore|Any CPU.Deploy.0 = Release|Any CPU
		{BDAAB1E7-3A62-47E5-A653-C521BEF0D989}.AppStore|ARM.ActiveCfg = Release|Any CPU
		{BDAAB1E7-3A62-47E5-A653-C521BEF0D989}.AppStore|ARM.Build.0 = Release|Any CPU
		{BDAAB1E7-3A62-47E5-A653-C521BEF0D989}.AppStore|ARM.Deploy.0 = Release|Any CPU
		{BDAAB1E7-3A62-47E5-A653-C521BEF0D989}.AppStore|iPhone.ActiveCfg = Release|Any CPU
		{BDAAB1E7-3A62-47E5-A653-C521BEF0D989}.AppStore|iPhone.Build.0 = Release|Any CPU
		{BDAAB1E7-3A62-47E5-A653-C521BEF0D989}.AppStore|iPhone.Deploy.0 = Release|Any CPU
		{BDAAB1E7-3A62-47E5-A653-C521BEF0D989}.AppStore|iPhoneSimulator.ActiveCfg = Release|Any CPU
		{BDAAB1E7-3A62-47E5-A653-C521BEF0D989}.AppStore|iPhoneSimulator.Build.0 = Release|Any CPU
		{BDAAB1E7-3A62-47E5-A653-C521BEF0D989}.AppStore|iPhoneSimulator.Deploy.0 = Release|Any CPU
		{BDAAB1E7-3A62-47E5-A653-C521BEF0D989}.AppStore|x86.ActiveCfg = Release|Any CPU
		{BDAAB1E7-3A62-47E5-A653-C521BEF0D989}.AppStore|x86.Build.0 = Release|Any CPU
		{BDAAB1E7-3A62-47E5-A653-C521BEF0D989}.AppStore|x86.Deploy.0 = Release|Any CPU
		{BDAAB1E7-3A62-47E5-A653-C521BEF0D989}.Debug|Any CPU.ActiveCfg = Debug|Any CPU
		{BDAAB1E7-3A62-47E5-A653-C521BEF0D989}.Debug|Any CPU.Build.0 = Debug|Any CPU
		{BDAAB1E7-3A62-47E5-A653-C521BEF0D989}.Debug|Any CPU.Deploy.0 = Debug|Any CPU
		{BDAAB1E7-3A62-47E5-A653-C521BEF0D989}.Debug|ARM.ActiveCfg = Debug|Any CPU
		{BDAAB1E7-3A62-47E5-A653-C521BEF0D989}.Debug|ARM.Build.0 = Debug|Any CPU
		{BDAAB1E7-3A62-47E5-A653-C521BEF0D989}.Debug|ARM.Deploy.0 = Debug|Any CPU
		{BDAAB1E7-3A62-47E5-A653-C521BEF0D989}.Debug|iPhone.ActiveCfg = Debug|Any CPU
		{BDAAB1E7-3A62-47E5-A653-C521BEF0D989}.Debug|iPhone.Build.0 = Debug|Any CPU
		{BDAAB1E7-3A62-47E5-A653-C521BEF0D989}.Debug|iPhone.Deploy.0 = Debug|Any CPU
		{BDAAB1E7-3A62-47E5-A653-C521BEF0D989}.Debug|iPhoneSimulator.ActiveCfg = Debug|Any CPU
		{BDAAB1E7-3A62-47E5-A653-C521BEF0D989}.Debug|iPhoneSimulator.Build.0 = Debug|Any CPU
		{BDAAB1E7-3A62-47E5-A653-C521BEF0D989}.Debug|iPhoneSimulator.Deploy.0 = Debug|Any CPU
		{BDAAB1E7-3A62-47E5-A653-C521BEF0D989}.Debug|x86.ActiveCfg = Debug|Any CPU
		{BDAAB1E7-3A62-47E5-A653-C521BEF0D989}.Debug|x86.Build.0 = Debug|Any CPU
		{BDAAB1E7-3A62-47E5-A653-C521BEF0D989}.Debug|x86.Deploy.0 = Debug|Any CPU
		{BDAAB1E7-3A62-47E5-A653-C521BEF0D989}.Release|Any CPU.ActiveCfg = Release|Any CPU
		{BDAAB1E7-3A62-47E5-A653-C521BEF0D989}.Release|Any CPU.Build.0 = Release|Any CPU
		{BDAAB1E7-3A62-47E5-A653-C521BEF0D989}.Release|Any CPU.Deploy.0 = Release|Any CPU
		{BDAAB1E7-3A62-47E5-A653-C521BEF0D989}.Release|ARM.ActiveCfg = Release|Any CPU
		{BDAAB1E7-3A62-47E5-A653-C521BEF0D989}.Release|ARM.Build.0 = Release|Any CPU
		{BDAAB1E7-3A62-47E5-A653-C521BEF0D989}.Release|ARM.Deploy.0 = Release|Any CPU
		{BDAAB1E7-3A62-47E5-A653-C521BEF0D989}.Release|iPhone.ActiveCfg = Release|Any CPU
		{BDAAB1E7-3A62-47E5-A653-C521BEF0D989}.Release|iPhone.Build.0 = Release|Any CPU
		{BDAAB1E7-3A62-47E5-A653-C521BEF0D989}.Release|iPhone.Deploy.0 = Release|Any CPU
		{BDAAB1E7-3A62-47E5-A653-C521BEF0D989}.Release|iPhoneSimulator.ActiveCfg = Release|Any CPU
		{BDAAB1E7-3A62-47E5-A653-C521BEF0D989}.Release|iPhoneSimulator.Build.0 = Release|Any CPU
		{BDAAB1E7-3A62-47E5-A653-C521BEF0D989}.Release|iPhoneSimulator.Deploy.0 = Release|Any CPU
		{BDAAB1E7-3A62-47E5-A653-C521BEF0D989}.Release|x86.ActiveCfg = Release|Any CPU
		{BDAAB1E7-3A62-47E5-A653-C521BEF0D989}.Release|x86.Build.0 = Release|Any CPU
		{BDAAB1E7-3A62-47E5-A653-C521BEF0D989}.Release|x86.Deploy.0 = Release|Any CPU
		{2A729650-EE4D-46F3-974C-12419BFE41DE}.Ad-Hoc|Any CPU.ActiveCfg = Ad-Hoc|iPhone
		{2A729650-EE4D-46F3-974C-12419BFE41DE}.Ad-Hoc|ARM.ActiveCfg = Ad-Hoc|iPhone
		{2A729650-EE4D-46F3-974C-12419BFE41DE}.Ad-Hoc|iPhone.ActiveCfg = Ad-Hoc|iPhone
		{2A729650-EE4D-46F3-974C-12419BFE41DE}.Ad-Hoc|iPhone.Build.0 = Ad-Hoc|iPhone
		{2A729650-EE4D-46F3-974C-12419BFE41DE}.Ad-Hoc|iPhoneSimulator.ActiveCfg = Ad-Hoc|iPhoneSimulator
		{2A729650-EE4D-46F3-974C-12419BFE41DE}.Ad-Hoc|iPhoneSimulator.Build.0 = Ad-Hoc|iPhoneSimulator
		{2A729650-EE4D-46F3-974C-12419BFE41DE}.Ad-Hoc|x86.ActiveCfg = Ad-Hoc|iPhone
		{2A729650-EE4D-46F3-974C-12419BFE41DE}.AppStore|Any CPU.ActiveCfg = AppStore|iPhone
		{2A729650-EE4D-46F3-974C-12419BFE41DE}.AppStore|ARM.ActiveCfg = AppStore|iPhone
		{2A729650-EE4D-46F3-974C-12419BFE41DE}.AppStore|iPhone.ActiveCfg = AppStore|iPhone
		{2A729650-EE4D-46F3-974C-12419BFE41DE}.AppStore|iPhone.Build.0 = AppStore|iPhone
		{2A729650-EE4D-46F3-974C-12419BFE41DE}.AppStore|iPhoneSimulator.ActiveCfg = AppStore|iPhoneSimulator
		{2A729650-EE4D-46F3-974C-12419BFE41DE}.AppStore|iPhoneSimulator.Build.0 = AppStore|iPhoneSimulator
		{2A729650-EE4D-46F3-974C-12419BFE41DE}.AppStore|x86.ActiveCfg = AppStore|iPhone
		{2A729650-EE4D-46F3-974C-12419BFE41DE}.Debug|Any CPU.ActiveCfg = Debug|iPhone
		{2A729650-EE4D-46F3-974C-12419BFE41DE}.Debug|ARM.ActiveCfg = Debug|iPhone
		{2A729650-EE4D-46F3-974C-12419BFE41DE}.Debug|iPhone.ActiveCfg = Debug|iPhone
		{2A729650-EE4D-46F3-974C-12419BFE41DE}.Debug|iPhone.Build.0 = Debug|iPhone
		{2A729650-EE4D-46F3-974C-12419BFE41DE}.Debug|iPhoneSimulator.ActiveCfg = Debug|iPhoneSimulator
		{2A729650-EE4D-46F3-974C-12419BFE41DE}.Debug|iPhoneSimulator.Build.0 = Debug|iPhoneSimulator
		{2A729650-EE4D-46F3-974C-12419BFE41DE}.Debug|x86.ActiveCfg = Debug|iPhone
		{2A729650-EE4D-46F3-974C-12419BFE41DE}.Release|Any CPU.ActiveCfg = Release|iPhone
		{2A729650-EE4D-46F3-974C-12419BFE41DE}.Release|ARM.ActiveCfg = Release|iPhone
		{2A729650-EE4D-46F3-974C-12419BFE41DE}.Release|iPhone.ActiveCfg = Release|iPhone
		{2A729650-EE4D-46F3-974C-12419BFE41DE}.Release|iPhone.Build.0 = Release|iPhone
		{2A729650-EE4D-46F3-974C-12419BFE41DE}.Release|iPhoneSimulator.ActiveCfg = Release|iPhoneSimulator
		{2A729650-EE4D-46F3-974C-12419BFE41DE}.Release|iPhoneSimulator.Build.0 = Release|iPhoneSimulator
		{2A729650-EE4D-46F3-974C-12419BFE41DE}.Release|x86.ActiveCfg = Release|iPhone
	EndGlobalSection
	GlobalSection(SolutionProperties) = preSolution
		HideSolutionNode = FALSE
	EndGlobalSection
EndGlobal
